// !$*UTF8*$!
{
	archiveVersion = 1;
	classes = {
	};
	objectVersion = 50;
	objects = {

/* Begin PBXBuildFile section */
		0AAB834B250CFC6F00B8E3DB /* ViewCodeProtocol.swift in Sources */ = {isa = PBXBuildFile; fileRef = 0AAB834A250CFC6F00B8E3DB /* ViewCodeProtocol.swift */; };
		0AAB834D250D041800B8E3DB /* Constant.swift in Sources */ = {isa = PBXBuildFile; fileRef = 0AAB834C250D041800B8E3DB /* Constant.swift */; };
		0AAB834F250D05AE00B8E3DB /* UIView+Constrants.swift in Sources */ = {isa = PBXBuildFile; fileRef = 0AAB834E250D05AE00B8E3DB /* UIView+Constrants.swift */; };
		2F281DC3250D14CA009C39CE /* UIView+LayoutGuide.swift in Sources */ = {isa = PBXBuildFile; fileRef = 2F281DC2250D14CA009C39CE /* UIView+LayoutGuide.swift */; };
		2F5E4B5B250CF70900C1C16A /* HomeFactory.swift in Sources */ = {isa = PBXBuildFile; fileRef = 2F5E4B5A250CF70900C1C16A /* HomeFactory.swift */; };
		2F5E4B5D250CF72000C1C16A /* HomeViewModel.swift in Sources */ = {isa = PBXBuildFile; fileRef = 2F5E4B5C250CF72000C1C16A /* HomeViewModel.swift */; };
		2F95EE982503ED2E00D1B37A /* HomeViewController.swift in Sources */ = {isa = PBXBuildFile; fileRef = 2F95EE932503ED2E00D1B37A /* HomeViewController.swift */; };
		2F95EE9A2503ED2E00D1B37A /* ProductCollectionViewCell.swift in Sources */ = {isa = PBXBuildFile; fileRef = 2F95EE972503ED2E00D1B37A /* ProductCollectionViewCell.swift */; };
		2F95EE9D2503F2B400D1B37A /* CoreDataManager.swift in Sources */ = {isa = PBXBuildFile; fileRef = 2F95EE9C2503F2B400D1B37A /* CoreDataManager.swift */; };
		687DBF9F2503C6A500A0FBBB /* FundsList.storyboard in Resources */ = {isa = PBXBuildFile; fileRef = 687DBF9E2503C6A500A0FBBB /* FundsList.storyboard */; };
		687DBFA22503C7E000A0FBBB /* FundsListViewController.swift in Sources */ = {isa = PBXBuildFile; fileRef = 687DBFA12503C7E000A0FBBB /* FundsListViewController.swift */; };
		687DBFA52503C92200A0FBBB /* ITIColor.swift in Sources */ = {isa = PBXBuildFile; fileRef = 687DBFA42503C92200A0FBBB /* ITIColor.swift */; };
		687DBFA82503D34200A0FBBB /* FundTableViewCell.swift in Sources */ = {isa = PBXBuildFile; fileRef = 687DBFA72503D34200A0FBBB /* FundTableViewCell.swift */; };
		687DBFAA2503D90D00A0FBBB /* ITIString.swift in Sources */ = {isa = PBXBuildFile; fileRef = 687DBFA92503D90D00A0FBBB /* ITIString.swift */; };
		688B783A2503E33A00F40EE2 /* FundsListViewModel.swift in Sources */ = {isa = PBXBuildFile; fileRef = 688B78392503E33A00F40EE2 /* FundsListViewModel.swift */; };
		688B783C2503E41900F40EE2 /* LocalizableStrings.swift in Sources */ = {isa = PBXBuildFile; fileRef = 688B783B2503E41900F40EE2 /* LocalizableStrings.swift */; };
		68F0020B250D1ECF00A219D3 /* Localizable.strings in Resources */ = {isa = PBXBuildFile; fileRef = 68F0020D250D1ECF00A219D3 /* Localizable.strings */; };
		68F53F4B250CFE3B00A796F5 /* BaseCoordinator.swift in Sources */ = {isa = PBXBuildFile; fileRef = 68F53F4A250CFE3B00A796F5 /* BaseCoordinator.swift */; };
		68F53F4E250CFE8D00A796F5 /* AppCoordinator.swift in Sources */ = {isa = PBXBuildFile; fileRef = 68F53F4D250CFE8D00A796F5 /* AppCoordinator.swift */; };
		68F53F50250D004F00A796F5 /* HomeCoordinator.swift in Sources */ = {isa = PBXBuildFile; fileRef = 68F53F4F250D004F00A796F5 /* HomeCoordinator.swift */; };
		68F53F52250D047300A796F5 /* FundsListCoordinator.swift in Sources */ = {isa = PBXBuildFile; fileRef = 68F53F51250D047300A796F5 /* FundsListCoordinator.swift */; };
		68F53F57250D064B00A796F5 /* DetailCoordinator.swift in Sources */ = {isa = PBXBuildFile; fileRef = 68F53F56250D064B00A796F5 /* DetailCoordinator.swift */; };
		68F53F59250D066000A796F5 /* PurchaseFundCoordinator.swift in Sources */ = {isa = PBXBuildFile; fileRef = 68F53F58250D066000A796F5 /* PurchaseFundCoordinator.swift */; };
		7935870E250CFFC500FD8CBF /* FundsListView.swift in Sources */ = {isa = PBXBuildFile; fileRef = 7935870D250CFFC500FD8CBF /* FundsListView.swift */; };
		79358715250D091B00FD8CBF /* UIColor+Hex.swift in Sources */ = {isa = PBXBuildFile; fileRef = 79358714250D091B00FD8CBF /* UIColor+Hex.swift */; };
		8626F5F52503FAE800AECFC7 /* Service.swift in Sources */ = {isa = PBXBuildFile; fileRef = 8626F5F42503FAE800AECFC7 /* Service.swift */; };
		8626F5F82503FAF100AECFC7 /* StockAPIResult.swift in Sources */ = {isa = PBXBuildFile; fileRef = 8626F5F62503FAF000AECFC7 /* StockAPIResult.swift */; };
		8626F5F92503FAF100AECFC7 /* StockAPIError.swift in Sources */ = {isa = PBXBuildFile; fileRef = 8626F5F72503FAF000AECFC7 /* StockAPIError.swift */; };
		9B0D5A662503DC23003E7C17 /* PurchaseFundViewController.swift in Sources */ = {isa = PBXBuildFile; fileRef = 9B0D5A652503DC23003E7C17 /* PurchaseFundViewController.swift */; };
		9B0D5A682503E558003E7C17 /* PurchaseFundViewModel.swift in Sources */ = {isa = PBXBuildFile; fileRef = 9B0D5A672503E558003E7C17 /* PurchaseFundViewModel.swift */; };
		9B263170250D14D900DB7984 /* HasCustomView.swift in Sources */ = {isa = PBXBuildFile; fileRef = 9B26316F250D14D900DB7984 /* HasCustomView.swift */; };
		9B97D58A250CFDB100FB46C9 /* ItiButton.swift in Sources */ = {isa = PBXBuildFile; fileRef = 9B97D589250CFDB100FB46C9 /* ItiButton.swift */; };
		9B97D58C250CFDBF00FB46C9 /* DetailView.swift in Sources */ = {isa = PBXBuildFile; fileRef = 9B97D58B250CFDBE00FB46C9 /* DetailView.swift */; };
		9B97D58E250CFDE600FB46C9 /* ItiLabel.swift in Sources */ = {isa = PBXBuildFile; fileRef = 9B97D58D250CFDE600FB46C9 /* ItiLabel.swift */; };
		9B97D590250D104B00FB46C9 /* DetailsStackView.swift in Sources */ = {isa = PBXBuildFile; fileRef = 9B97D58F250D104B00FB46C9 /* DetailsStackView.swift */; };
		BA3610D02503C10E00D66EED /* AppDelegate.swift in Sources */ = {isa = PBXBuildFile; fileRef = BA3610CF2503C10E00D66EED /* AppDelegate.swift */; };
		BA3610D42503C10E00D66EED /* ViewController.swift in Sources */ = {isa = PBXBuildFile; fileRef = BA3610D32503C10E00D66EED /* ViewController.swift */; };
		BA3610DA2503C10E00D66EED /* ItiInvest.xcdatamodeld in Sources */ = {isa = PBXBuildFile; fileRef = BA3610D82503C10E00D66EED /* ItiInvest.xcdatamodeld */; };
		BA3610DC2503C10F00D66EED /* Assets.xcassets in Resources */ = {isa = PBXBuildFile; fileRef = BA3610DB2503C10F00D66EED /* Assets.xcassets */; };
		BA3610DF2503C10F00D66EED /* LaunchScreen.storyboard in Resources */ = {isa = PBXBuildFile; fileRef = BA3610DD2503C10F00D66EED /* LaunchScreen.storyboard */; };
		BA3610EA2503C10F00D66EED /* ItiInvestTests.swift in Sources */ = {isa = PBXBuildFile; fileRef = BA3610E92503C10F00D66EED /* ItiInvestTests.swift */; };
		BA3610F52503C10F00D66EED /* ItiInvestUITests.swift in Sources */ = {isa = PBXBuildFile; fileRef = BA3610F42503C10F00D66EED /* ItiInvestUITests.swift */; };
		BA3611052503C5F000D66EED /* Detail.storyboard in Resources */ = {isa = PBXBuildFile; fileRef = BA3611042503C5F000D66EED /* Detail.storyboard */; };
		BA3611072503CF2500D66EED /* DetailViewController.swift in Sources */ = {isa = PBXBuildFile; fileRef = BA3611062503CF2500D66EED /* DetailViewController.swift */; };
		BA3611092503D0EA00D66EED /* DetailViewModel.swift in Sources */ = {isa = PBXBuildFile; fileRef = BA3611082503D0EA00D66EED /* DetailViewModel.swift */; };
		BA36110C2503FEFE00D66EED /* UIView+Gradient.swift in Sources */ = {isa = PBXBuildFile; fileRef = BA36110B2503FEFE00D66EED /* UIView+Gradient.swift */; };
/* End PBXBuildFile section */

/* Begin PBXContainerItemProxy section */
		BA3610E62503C10F00D66EED /* PBXContainerItemProxy */ = {
			isa = PBXContainerItemProxy;
			containerPortal = BA3610C42503C10E00D66EED /* Project object */;
			proxyType = 1;
			remoteGlobalIDString = BA3610CB2503C10E00D66EED;
			remoteInfo = ItiInvest;
		};
		BA3610F12503C10F00D66EED /* PBXContainerItemProxy */ = {
			isa = PBXContainerItemProxy;
			containerPortal = BA3610C42503C10E00D66EED /* Project object */;
			proxyType = 1;
			remoteGlobalIDString = BA3610CB2503C10E00D66EED;
			remoteInfo = ItiInvest;
		};
/* End PBXContainerItemProxy section */

/* Begin PBXFileReference section */
		0AAB834A250CFC6F00B8E3DB /* ViewCodeProtocol.swift */ = {isa = PBXFileReference; lastKnownFileType = sourcecode.swift; path = ViewCodeProtocol.swift; sourceTree = "<group>"; };
		0AAB834C250D041800B8E3DB /* Constant.swift */ = {isa = PBXFileReference; lastKnownFileType = sourcecode.swift; path = Constant.swift; sourceTree = "<group>"; };
		0AAB834E250D05AE00B8E3DB /* UIView+Constrants.swift */ = {isa = PBXFileReference; lastKnownFileType = sourcecode.swift; path = "UIView+Constrants.swift"; sourceTree = "<group>"; };
		2F281DC2250D14CA009C39CE /* UIView+LayoutGuide.swift */ = {isa = PBXFileReference; lastKnownFileType = sourcecode.swift; path = "UIView+LayoutGuide.swift"; sourceTree = "<group>"; };
		2F5E4B5A250CF70900C1C16A /* HomeFactory.swift */ = {isa = PBXFileReference; lastKnownFileType = sourcecode.swift; path = HomeFactory.swift; sourceTree = "<group>"; };
		2F5E4B5C250CF72000C1C16A /* HomeViewModel.swift */ = {isa = PBXFileReference; lastKnownFileType = sourcecode.swift; path = HomeViewModel.swift; sourceTree = "<group>"; };
		2F95EE932503ED2E00D1B37A /* HomeViewController.swift */ = {isa = PBXFileReference; fileEncoding = 4; lastKnownFileType = sourcecode.swift; path = HomeViewController.swift; sourceTree = "<group>"; };
		2F95EE972503ED2E00D1B37A /* ProductCollectionViewCell.swift */ = {isa = PBXFileReference; fileEncoding = 4; lastKnownFileType = sourcecode.swift; path = ProductCollectionViewCell.swift; sourceTree = "<group>"; };
		2F95EE9C2503F2B400D1B37A /* CoreDataManager.swift */ = {isa = PBXFileReference; lastKnownFileType = sourcecode.swift; path = CoreDataManager.swift; sourceTree = "<group>"; };
		687DBF9E2503C6A500A0FBBB /* FundsList.storyboard */ = {isa = PBXFileReference; lastKnownFileType = file.storyboard; path = FundsList.storyboard; sourceTree = "<group>"; };
		687DBFA12503C7E000A0FBBB /* FundsListViewController.swift */ = {isa = PBXFileReference; lastKnownFileType = sourcecode.swift; path = FundsListViewController.swift; sourceTree = "<group>"; };
		687DBFA42503C92200A0FBBB /* ITIColor.swift */ = {isa = PBXFileReference; lastKnownFileType = sourcecode.swift; path = ITIColor.swift; sourceTree = "<group>"; };
		687DBFA72503D34200A0FBBB /* FundTableViewCell.swift */ = {isa = PBXFileReference; lastKnownFileType = sourcecode.swift; path = FundTableViewCell.swift; sourceTree = "<group>"; };
		687DBFA92503D90D00A0FBBB /* ITIString.swift */ = {isa = PBXFileReference; lastKnownFileType = sourcecode.swift; path = ITIString.swift; sourceTree = "<group>"; };
		688B78392503E33A00F40EE2 /* FundsListViewModel.swift */ = {isa = PBXFileReference; lastKnownFileType = sourcecode.swift; path = FundsListViewModel.swift; sourceTree = "<group>"; };
		688B783B2503E41900F40EE2 /* LocalizableStrings.swift */ = {isa = PBXFileReference; lastKnownFileType = sourcecode.swift; path = LocalizableStrings.swift; sourceTree = "<group>"; };
		68F0020C250D1ECF00A219D3 /* en */ = {isa = PBXFileReference; lastKnownFileType = text.plist.strings; name = en; path = en.lproj/Localizable.strings; sourceTree = "<group>"; };
		68F0020E250D1EE800A219D3 /* pt-BR */ = {isa = PBXFileReference; lastKnownFileType = text.plist.strings; name = "pt-BR"; path = "pt-BR.lproj/Localizable.strings"; sourceTree = "<group>"; };
		68F0020F250D1EF500A219D3 /* es-419 */ = {isa = PBXFileReference; lastKnownFileType = text.plist.strings; name = "es-419"; path = "es-419.lproj/Localizable.strings"; sourceTree = "<group>"; };
		68F53F4A250CFE3B00A796F5 /* BaseCoordinator.swift */ = {isa = PBXFileReference; lastKnownFileType = sourcecode.swift; path = BaseCoordinator.swift; sourceTree = "<group>"; };
		68F53F4D250CFE8D00A796F5 /* AppCoordinator.swift */ = {isa = PBXFileReference; lastKnownFileType = sourcecode.swift; path = AppCoordinator.swift; sourceTree = "<group>"; };
		68F53F4F250D004F00A796F5 /* HomeCoordinator.swift */ = {isa = PBXFileReference; lastKnownFileType = sourcecode.swift; path = HomeCoordinator.swift; sourceTree = "<group>"; };
		68F53F51250D047300A796F5 /* FundsListCoordinator.swift */ = {isa = PBXFileReference; lastKnownFileType = sourcecode.swift; path = FundsListCoordinator.swift; sourceTree = "<group>"; };
		68F53F56250D064B00A796F5 /* DetailCoordinator.swift */ = {isa = PBXFileReference; lastKnownFileType = sourcecode.swift; path = DetailCoordinator.swift; sourceTree = "<group>"; };
		68F53F58250D066000A796F5 /* PurchaseFundCoordinator.swift */ = {isa = PBXFileReference; lastKnownFileType = sourcecode.swift; path = PurchaseFundCoordinator.swift; sourceTree = "<group>"; };
		7935870D250CFFC500FD8CBF /* FundsListView.swift */ = {isa = PBXFileReference; lastKnownFileType = sourcecode.swift; path = FundsListView.swift; sourceTree = "<group>"; };
		79358714250D091B00FD8CBF /* UIColor+Hex.swift */ = {isa = PBXFileReference; lastKnownFileType = sourcecode.swift; path = "UIColor+Hex.swift"; sourceTree = "<group>"; };
		8626F5F42503FAE800AECFC7 /* Service.swift */ = {isa = PBXFileReference; fileEncoding = 4; lastKnownFileType = sourcecode.swift; path = Service.swift; sourceTree = "<group>"; };
		8626F5F62503FAF000AECFC7 /* StockAPIResult.swift */ = {isa = PBXFileReference; fileEncoding = 4; lastKnownFileType = sourcecode.swift; path = StockAPIResult.swift; sourceTree = "<group>"; };
		8626F5F72503FAF000AECFC7 /* StockAPIError.swift */ = {isa = PBXFileReference; fileEncoding = 4; lastKnownFileType = sourcecode.swift; path = StockAPIError.swift; sourceTree = "<group>"; };
		9B0D5A652503DC23003E7C17 /* PurchaseFundViewController.swift */ = {isa = PBXFileReference; lastKnownFileType = sourcecode.swift; path = PurchaseFundViewController.swift; sourceTree = "<group>"; };
		9B0D5A672503E558003E7C17 /* PurchaseFundViewModel.swift */ = {isa = PBXFileReference; lastKnownFileType = sourcecode.swift; path = PurchaseFundViewModel.swift; sourceTree = "<group>"; };
		9B26316F250D14D900DB7984 /* HasCustomView.swift */ = {isa = PBXFileReference; lastKnownFileType = sourcecode.swift; path = HasCustomView.swift; sourceTree = "<group>"; };
		9B97D589250CFDB100FB46C9 /* ItiButton.swift */ = {isa = PBXFileReference; fileEncoding = 4; lastKnownFileType = sourcecode.swift; path = ItiButton.swift; sourceTree = "<group>"; };
		9B97D58B250CFDBE00FB46C9 /* DetailView.swift */ = {isa = PBXFileReference; fileEncoding = 4; lastKnownFileType = sourcecode.swift; path = DetailView.swift; sourceTree = "<group>"; };
		9B97D58D250CFDE600FB46C9 /* ItiLabel.swift */ = {isa = PBXFileReference; lastKnownFileType = sourcecode.swift; path = ItiLabel.swift; sourceTree = "<group>"; };
		9B97D58F250D104B00FB46C9 /* DetailsStackView.swift */ = {isa = PBXFileReference; lastKnownFileType = sourcecode.swift; path = DetailsStackView.swift; sourceTree = "<group>"; };
		BA3610CC2503C10E00D66EED /* ItiInvest.app */ = {isa = PBXFileReference; explicitFileType = wrapper.application; includeInIndex = 0; path = ItiInvest.app; sourceTree = BUILT_PRODUCTS_DIR; };
		BA3610CF2503C10E00D66EED /* AppDelegate.swift */ = {isa = PBXFileReference; lastKnownFileType = sourcecode.swift; path = AppDelegate.swift; sourceTree = "<group>"; };
		BA3610D32503C10E00D66EED /* ViewController.swift */ = {isa = PBXFileReference; lastKnownFileType = sourcecode.swift; path = ViewController.swift; sourceTree = "<group>"; };
		BA3610D92503C10E00D66EED /* ItiInvest.xcdatamodel */ = {isa = PBXFileReference; lastKnownFileType = wrapper.xcdatamodel; path = ItiInvest.xcdatamodel; sourceTree = "<group>"; };
		BA3610DB2503C10F00D66EED /* Assets.xcassets */ = {isa = PBXFileReference; lastKnownFileType = folder.assetcatalog; path = Assets.xcassets; sourceTree = "<group>"; };
		BA3610DE2503C10F00D66EED /* Base */ = {isa = PBXFileReference; lastKnownFileType = file.storyboard; name = Base; path = Base.lproj/LaunchScreen.storyboard; sourceTree = "<group>"; };
		BA3610E02503C10F00D66EED /* Info.plist */ = {isa = PBXFileReference; lastKnownFileType = text.plist.xml; path = Info.plist; sourceTree = "<group>"; };
		BA3610E52503C10F00D66EED /* ItiInvestTests.xctest */ = {isa = PBXFileReference; explicitFileType = wrapper.cfbundle; includeInIndex = 0; path = ItiInvestTests.xctest; sourceTree = BUILT_PRODUCTS_DIR; };
		BA3610E92503C10F00D66EED /* ItiInvestTests.swift */ = {isa = PBXFileReference; lastKnownFileType = sourcecode.swift; path = ItiInvestTests.swift; sourceTree = "<group>"; };
		BA3610EB2503C10F00D66EED /* Info.plist */ = {isa = PBXFileReference; lastKnownFileType = text.plist.xml; path = Info.plist; sourceTree = "<group>"; };
		BA3610F02503C10F00D66EED /* ItiInvestUITests.xctest */ = {isa = PBXFileReference; explicitFileType = wrapper.cfbundle; includeInIndex = 0; path = ItiInvestUITests.xctest; sourceTree = BUILT_PRODUCTS_DIR; };
		BA3610F42503C10F00D66EED /* ItiInvestUITests.swift */ = {isa = PBXFileReference; lastKnownFileType = sourcecode.swift; path = ItiInvestUITests.swift; sourceTree = "<group>"; };
		BA3610F62503C11000D66EED /* Info.plist */ = {isa = PBXFileReference; lastKnownFileType = text.plist.xml; path = Info.plist; sourceTree = "<group>"; };
		BA3611042503C5F000D66EED /* Detail.storyboard */ = {isa = PBXFileReference; lastKnownFileType = file.storyboard; path = Detail.storyboard; sourceTree = "<group>"; };
		BA3611062503CF2500D66EED /* DetailViewController.swift */ = {isa = PBXFileReference; lastKnownFileType = sourcecode.swift; path = DetailViewController.swift; sourceTree = "<group>"; };
		BA3611082503D0EA00D66EED /* DetailViewModel.swift */ = {isa = PBXFileReference; lastKnownFileType = sourcecode.swift; path = DetailViewModel.swift; sourceTree = "<group>"; };
		BA36110B2503FEFE00D66EED /* UIView+Gradient.swift */ = {isa = PBXFileReference; lastKnownFileType = sourcecode.swift; path = "UIView+Gradient.swift"; sourceTree = "<group>"; };
/* End PBXFileReference section */

/* Begin PBXFrameworksBuildPhase section */
		BA3610C92503C10E00D66EED /* Frameworks */ = {
			isa = PBXFrameworksBuildPhase;
			buildActionMask = 2147483647;
			files = (
			);
			runOnlyForDeploymentPostprocessing = 0;
		};
		BA3610E22503C10F00D66EED /* Frameworks */ = {
			isa = PBXFrameworksBuildPhase;
			buildActionMask = 2147483647;
			files = (
			);
			runOnlyForDeploymentPostprocessing = 0;
		};
		BA3610ED2503C10F00D66EED /* Frameworks */ = {
			isa = PBXFrameworksBuildPhase;
			buildActionMask = 2147483647;
			files = (
			);
			runOnlyForDeploymentPostprocessing = 0;
		};
/* End PBXFrameworksBuildPhase section */

/* Begin PBXGroup section */
		0AAB8349250CFC4E00B8E3DB /* Protocol */ = {
			isa = PBXGroup;
			children = (
				0AAB834A250CFC6F00B8E3DB /* ViewCodeProtocol.swift */,
				9B26316F250D14D900DB7984 /* HasCustomView.swift */,
			);
			path = Protocol;
			sourceTree = "<group>";
		};
		2F95EE922503ED2E00D1B37A /* Home */ = {
			isa = PBXGroup;
			children = (
				2F5E4B5C250CF72000C1C16A /* HomeViewModel.swift */,
				2F5E4B5A250CF70900C1C16A /* HomeFactory.swift */,
				2F95EE932503ED2E00D1B37A /* HomeViewController.swift */,
				2F95EE962503ED2E00D1B37A /* Cell */,
			);
			path = Home;
			sourceTree = "<group>";
		};
		2F95EE962503ED2E00D1B37A /* Cell */ = {
			isa = PBXGroup;
			children = (
				2F95EE972503ED2E00D1B37A /* ProductCollectionViewCell.swift */,
			);
			path = Cell;
			sourceTree = "<group>";
		};
		2F95EE9B2503F28600D1B37A /* Utils */ = {
			isa = PBXGroup;
			children = (
				9B97D588250CFD4D00FB46C9 /* Components */,
				0AAB8349250CFC4E00B8E3DB /* Protocol */,
				2F95EE9C2503F2B400D1B37A /* CoreDataManager.swift */,
			);
			path = Utils;
			sourceTree = "<group>";
		};
		687DBF9C2503C67300A0FBBB /* FundsList */ = {
			isa = PBXGroup;
			children = (
				688B78382503E2EE00F40EE2 /* ViewModel */,
				687DBFA62503D32C00A0FBBB /* View */,
				687DBFA02503C7C400A0FBBB /* Controller */,
				687DBF9D2503C68900A0FBBB /* Presentation */,
			);
			path = FundsList;
			sourceTree = "<group>";
		};
		687DBF9D2503C68900A0FBBB /* Presentation */ = {
			isa = PBXGroup;
			children = (
				687DBF9E2503C6A500A0FBBB /* FundsList.storyboard */,
			);
			path = Presentation;
			sourceTree = "<group>";
		};
		687DBFA02503C7C400A0FBBB /* Controller */ = {
			isa = PBXGroup;
			children = (
				687DBFA12503C7E000A0FBBB /* FundsListViewController.swift */,
			);
			path = Controller;
			sourceTree = "<group>";
		};
		687DBFA32503C8EE00A0FBBB /* Constants */ = {
			isa = PBXGroup;
			children = (
				0AAB834C250D041800B8E3DB /* Constant.swift */,
				687DBFA42503C92200A0FBBB /* ITIColor.swift */,
				687DBFA92503D90D00A0FBBB /* ITIString.swift */,
				688B783B2503E41900F40EE2 /* LocalizableStrings.swift */,
			);
			path = Constants;
			sourceTree = "<group>";
		};
		687DBFA62503D32C00A0FBBB /* View */ = {
			isa = PBXGroup;
			children = (
				687DBFA72503D34200A0FBBB /* FundTableViewCell.swift */,
				7935870D250CFFC500FD8CBF /* FundsListView.swift */,
			);
			path = View;
			sourceTree = "<group>";
		};
		688B78352503E2CA00F40EE2 /* Presentation */ = {
			isa = PBXGroup;
			children = (
				9B97D58B250CFDBE00FB46C9 /* DetailView.swift */,
				BA3611042503C5F000D66EED /* Detail.storyboard */,
			);
			path = Presentation;
			sourceTree = "<group>";
		};
		688B78362503E2D400F40EE2 /* Controller */ = {
			isa = PBXGroup;
			children = (
				BA3611062503CF2500D66EED /* DetailViewController.swift */,
			);
			path = Controller;
			sourceTree = "<group>";
		};
		688B78372503E2DF00F40EE2 /* ViewModel */ = {
			isa = PBXGroup;
			children = (
				BA3611082503D0EA00D66EED /* DetailViewModel.swift */,
			);
			path = ViewModel;
			sourceTree = "<group>";
		};
		688B78382503E2EE00F40EE2 /* ViewModel */ = {
			isa = PBXGroup;
			children = (
				688B78392503E33A00F40EE2 /* FundsListViewModel.swift */,
			);
			path = ViewModel;
			sourceTree = "<group>";
		};
		68F53F49250CFE2900A796F5 /* Shared */ = {
			isa = PBXGroup;
			children = (
				68F53F4A250CFE3B00A796F5 /* BaseCoordinator.swift */,
			);
			path = Shared;
			sourceTree = "<group>";
		};
		68F53F4C250CFE7900A796F5 /* Coordinator */ = {
			isa = PBXGroup;
			children = (
				68F53F4D250CFE8D00A796F5 /* AppCoordinator.swift */,
				68F53F4F250D004F00A796F5 /* HomeCoordinator.swift */,
				68F53F51250D047300A796F5 /* FundsListCoordinator.swift */,
				68F53F56250D064B00A796F5 /* DetailCoordinator.swift */,
				68F53F58250D066000A796F5 /* PurchaseFundCoordinator.swift */,
			);
			path = Coordinator;
			sourceTree = "<group>";
		};
		79358713250D089600FD8CBF /* Recovered References */ = {
			isa = PBXGroup;
			children = (
			);
			name = "Recovered References";
			sourceTree = "<group>";
		};
		8626F5F22503FAC700AECFC7 /* Models */ = {
			isa = PBXGroup;
			children = (
				8626F5F72503FAF000AECFC7 /* StockAPIError.swift */,
				8626F5F62503FAF000AECFC7 /* StockAPIResult.swift */,
			);
			path = Models;
			sourceTree = "<group>";
		};
		8626F5F32503FAD200AECFC7 /* Service */ = {
			isa = PBXGroup;
			children = (
				8626F5F42503FAE800AECFC7 /* Service.swift */,
			);
			path = Service;
			sourceTree = "<group>";
		};
		9B0D5A622503C868003E7C17 /* Purchase Fund */ = {
			isa = PBXGroup;
			children = (
				9B0D5A652503DC23003E7C17 /* PurchaseFundViewController.swift */,
				9B0D5A672503E558003E7C17 /* PurchaseFundViewModel.swift */,
			);
			path = "Purchase Fund";
			sourceTree = "<group>";
		};
		9B97D588250CFD4D00FB46C9 /* Components */ = {
			isa = PBXGroup;
			children = (
				9B97D589250CFDB100FB46C9 /* ItiButton.swift */,
				9B97D58D250CFDE600FB46C9 /* ItiLabel.swift */,
				9B97D58F250D104B00FB46C9 /* DetailsStackView.swift */,
			);
			path = Components;
			sourceTree = "<group>";
		};
		BA3610C32503C10E00D66EED = {
			isa = PBXGroup;
			children = (
				BA3610CE2503C10E00D66EED /* ItiInvest */,
				BA3610E82503C10F00D66EED /* ItiInvestTests */,
				BA3610F32503C10F00D66EED /* ItiInvestUITests */,
				BA3610CD2503C10E00D66EED /* Products */,
				79358713250D089600FD8CBF /* Recovered References */,
			);
			sourceTree = "<group>";
		};
		BA3610CD2503C10E00D66EED /* Products */ = {
			isa = PBXGroup;
			children = (
				BA3610CC2503C10E00D66EED /* ItiInvest.app */,
				BA3610E52503C10F00D66EED /* ItiInvestTests.xctest */,
				BA3610F02503C10F00D66EED /* ItiInvestUITests.xctest */,
			);
			name = Products;
			sourceTree = "<group>";
		};
		BA3610CE2503C10E00D66EED /* ItiInvest */ = {
			isa = PBXGroup;
			children = (
				68F53F4C250CFE7900A796F5 /* Coordinator */,
				68F53F49250CFE2900A796F5 /* Shared */,
				2F95EE9B2503F28600D1B37A /* Utils */,
				BA36110A2503FEE400D66EED /* Extensions */,
				8626F5F32503FAD200AECFC7 /* Service */,
				8626F5F22503FAC700AECFC7 /* Models */,
				687DBFA32503C8EE00A0FBBB /* Constants */,
				BA3611022503C3F300D66EED /* features */,
				BA3610CF2503C10E00D66EED /* AppDelegate.swift */,
				BA3610D32503C10E00D66EED /* ViewController.swift */,
				BA3610DB2503C10F00D66EED /* Assets.xcassets */,
				BA3610DD2503C10F00D66EED /* LaunchScreen.storyboard */,
				BA3610E02503C10F00D66EED /* Info.plist */,
				BA3610D82503C10E00D66EED /* ItiInvest.xcdatamodeld */,
				68F0020D250D1ECF00A219D3 /* Localizable.strings */,
			);
			path = ItiInvest;
			sourceTree = "<group>";
		};
		BA3610E82503C10F00D66EED /* ItiInvestTests */ = {
			isa = PBXGroup;
			children = (
				BA3610E92503C10F00D66EED /* ItiInvestTests.swift */,
				BA3610EB2503C10F00D66EED /* Info.plist */,
			);
			path = ItiInvestTests;
			sourceTree = "<group>";
		};
		BA3610F32503C10F00D66EED /* ItiInvestUITests */ = {
			isa = PBXGroup;
			children = (
				BA3610F42503C10F00D66EED /* ItiInvestUITests.swift */,
				BA3610F62503C11000D66EED /* Info.plist */,
			);
			path = ItiInvestUITests;
			sourceTree = "<group>";
		};
		BA3611022503C3F300D66EED /* features */ = {
			isa = PBXGroup;
			children = (
				9B0D5A622503C868003E7C17 /* Purchase Fund */,
				2F95EE922503ED2E00D1B37A /* Home */,
				BA3611032503C59300D66EED /* detail */,
				687DBF9C2503C67300A0FBBB /* FundsList */,
			);
			path = features;
			sourceTree = "<group>";
		};
		BA3611032503C59300D66EED /* detail */ = {
			isa = PBXGroup;
			children = (
				688B78372503E2DF00F40EE2 /* ViewModel */,
				688B78362503E2D400F40EE2 /* Controller */,
				688B78352503E2CA00F40EE2 /* Presentation */,
			);
			path = detail;
			sourceTree = "<group>";
		};
		BA36110A2503FEE400D66EED /* Extensions */ = {
			isa = PBXGroup;
			children = (
				BA36110B2503FEFE00D66EED /* UIView+Gradient.swift */,
				0AAB834E250D05AE00B8E3DB /* UIView+Constrants.swift */,
				79358714250D091B00FD8CBF /* UIColor+Hex.swift */,
				2F281DC2250D14CA009C39CE /* UIView+LayoutGuide.swift */,
			);
			path = Extensions;
			sourceTree = "<group>";
		};
/* End PBXGroup section */

/* Begin PBXNativeTarget section */
		BA3610CB2503C10E00D66EED /* ItiInvest */ = {
			isa = PBXNativeTarget;
			buildConfigurationList = BA3610F92503C11000D66EED /* Build configuration list for PBXNativeTarget "ItiInvest" */;
			buildPhases = (
				BA3610C82503C10E00D66EED /* Sources */,
				BA3610C92503C10E00D66EED /* Frameworks */,
				BA3610CA2503C10E00D66EED /* Resources */,
			);
			buildRules = (
			);
			dependencies = (
			);
			name = ItiInvest;
			productName = ItiInvest;
			productReference = BA3610CC2503C10E00D66EED /* ItiInvest.app */;
			productType = "com.apple.product-type.application";
		};
		BA3610E42503C10F00D66EED /* ItiInvestTests */ = {
			isa = PBXNativeTarget;
			buildConfigurationList = BA3610FC2503C11000D66EED /* Build configuration list for PBXNativeTarget "ItiInvestTests" */;
			buildPhases = (
				BA3610E12503C10F00D66EED /* Sources */,
				BA3610E22503C10F00D66EED /* Frameworks */,
				BA3610E32503C10F00D66EED /* Resources */,
			);
			buildRules = (
			);
			dependencies = (
				BA3610E72503C10F00D66EED /* PBXTargetDependency */,
			);
			name = ItiInvestTests;
			productName = ItiInvestTests;
			productReference = BA3610E52503C10F00D66EED /* ItiInvestTests.xctest */;
			productType = "com.apple.product-type.bundle.unit-test";
		};
		BA3610EF2503C10F00D66EED /* ItiInvestUITests */ = {
			isa = PBXNativeTarget;
			buildConfigurationList = BA3610FF2503C11000D66EED /* Build configuration list for PBXNativeTarget "ItiInvestUITests" */;
			buildPhases = (
				BA3610EC2503C10F00D66EED /* Sources */,
				BA3610ED2503C10F00D66EED /* Frameworks */,
				BA3610EE2503C10F00D66EED /* Resources */,
			);
			buildRules = (
			);
			dependencies = (
				BA3610F22503C10F00D66EED /* PBXTargetDependency */,
			);
			name = ItiInvestUITests;
			productName = ItiInvestUITests;
			productReference = BA3610F02503C10F00D66EED /* ItiInvestUITests.xctest */;
			productType = "com.apple.product-type.bundle.ui-testing";
		};
/* End PBXNativeTarget section */

/* Begin PBXProject section */
		BA3610C42503C10E00D66EED /* Project object */ = {
			isa = PBXProject;
			attributes = {
				LastSwiftUpdateCheck = 1150;
				LastUpgradeCheck = 1150;
				ORGANIZATIONNAME = DevBoostItau;
				TargetAttributes = {
					BA3610CB2503C10E00D66EED = {
						CreatedOnToolsVersion = 11.5;
					};
					BA3610E42503C10F00D66EED = {
						CreatedOnToolsVersion = 11.5;
						TestTargetID = BA3610CB2503C10E00D66EED;
					};
					BA3610EF2503C10F00D66EED = {
						CreatedOnToolsVersion = 11.5;
						TestTargetID = BA3610CB2503C10E00D66EED;
					};
				};
			};
			buildConfigurationList = BA3610C72503C10E00D66EED /* Build configuration list for PBXProject "ItiInvest" */;
			compatibilityVersion = "Xcode 9.3";
			developmentRegion = en;
			hasScannedForEncodings = 0;
			knownRegions = (
				en,
				Base,
				"pt-BR",
				"es-419",
			);
			mainGroup = BA3610C32503C10E00D66EED;
			productRefGroup = BA3610CD2503C10E00D66EED /* Products */;
			projectDirPath = "";
			projectRoot = "";
			targets = (
				BA3610CB2503C10E00D66EED /* ItiInvest */,
				BA3610E42503C10F00D66EED /* ItiInvestTests */,
				BA3610EF2503C10F00D66EED /* ItiInvestUITests */,
			);
		};
/* End PBXProject section */

/* Begin PBXResourcesBuildPhase section */
		BA3610CA2503C10E00D66EED /* Resources */ = {
			isa = PBXResourcesBuildPhase;
			buildActionMask = 2147483647;
			files = (
				BA3610DF2503C10F00D66EED /* LaunchScreen.storyboard in Resources */,
				BA3610DC2503C10F00D66EED /* Assets.xcassets in Resources */,
				68F0020B250D1ECF00A219D3 /* Localizable.strings in Resources */,
				BA3611052503C5F000D66EED /* Detail.storyboard in Resources */,
				687DBF9F2503C6A500A0FBBB /* FundsList.storyboard in Resources */,
			);
			runOnlyForDeploymentPostprocessing = 0;
		};
		BA3610E32503C10F00D66EED /* Resources */ = {
			isa = PBXResourcesBuildPhase;
			buildActionMask = 2147483647;
			files = (
			);
			runOnlyForDeploymentPostprocessing = 0;
		};
		BA3610EE2503C10F00D66EED /* Resources */ = {
			isa = PBXResourcesBuildPhase;
			buildActionMask = 2147483647;
			files = (
			);
			runOnlyForDeploymentPostprocessing = 0;
		};
/* End PBXResourcesBuildPhase section */

/* Begin PBXSourcesBuildPhase section */
		BA3610C82503C10E00D66EED /* Sources */ = {
			isa = PBXSourcesBuildPhase;
			buildActionMask = 2147483647;
			files = (
				BA3610D42503C10E00D66EED /* ViewController.swift in Sources */,
				2F5E4B5B250CF70900C1C16A /* HomeFactory.swift in Sources */,
				68F53F52250D047300A796F5 /* FundsListCoordinator.swift in Sources */,
				688B783A2503E33A00F40EE2 /* FundsListViewModel.swift in Sources */,
				68F53F57250D064B00A796F5 /* DetailCoordinator.swift in Sources */,
				9B263170250D14D900DB7984 /* HasCustomView.swift in Sources */,
				8626F5F52503FAE800AECFC7 /* Service.swift in Sources */,
				2F95EE9A2503ED2E00D1B37A /* ProductCollectionViewCell.swift in Sources */,
				2F5E4B5D250CF72000C1C16A /* HomeViewModel.swift in Sources */,
				BA3611092503D0EA00D66EED /* DetailViewModel.swift in Sources */,
				2F95EE9D2503F2B400D1B37A /* CoreDataManager.swift in Sources */,
				9B97D590250D104B00FB46C9 /* DetailsStackView.swift in Sources */,
				68F53F4B250CFE3B00A796F5 /* BaseCoordinator.swift in Sources */,
				68F53F50250D004F00A796F5 /* HomeCoordinator.swift in Sources */,
				BA3610DA2503C10E00D66EED /* ItiInvest.xcdatamodeld in Sources */,
				BA3611072503CF2500D66EED /* DetailViewController.swift in Sources */,
				BA36110C2503FEFE00D66EED /* UIView+Gradient.swift in Sources */,
				79358715250D091B00FD8CBF /* UIColor+Hex.swift in Sources */,
				687DBFA52503C92200A0FBBB /* ITIColor.swift in Sources */,
				9B97D58A250CFDB100FB46C9 /* ItiButton.swift in Sources */,
				2F281DC3250D14CA009C39CE /* UIView+LayoutGuide.swift in Sources */,
				0AAB834D250D041800B8E3DB /* Constant.swift in Sources */,
				BA3610D02503C10E00D66EED /* AppDelegate.swift in Sources */,
				7935870E250CFFC500FD8CBF /* FundsListView.swift in Sources */,
				68F53F4E250CFE8D00A796F5 /* AppCoordinator.swift in Sources */,
				68F53F59250D066000A796F5 /* PurchaseFundCoordinator.swift in Sources */,
				688B783C2503E41900F40EE2 /* LocalizableStrings.swift in Sources */,
				0AAB834F250D05AE00B8E3DB /* UIView+Constrants.swift in Sources */,
				687DBFA82503D34200A0FBBB /* FundTableViewCell.swift in Sources */,
				9B97D58E250CFDE600FB46C9 /* ItiLabel.swift in Sources */,
				9B0D5A682503E558003E7C17 /* PurchaseFundViewModel.swift in Sources */,
				9B0D5A662503DC23003E7C17 /* PurchaseFundViewController.swift in Sources */,
				9B97D58C250CFDBF00FB46C9 /* DetailView.swift in Sources */,
				8626F5F82503FAF100AECFC7 /* StockAPIResult.swift in Sources */,
				0AAB834B250CFC6F00B8E3DB /* ViewCodeProtocol.swift in Sources */,
				8626F5F92503FAF100AECFC7 /* StockAPIError.swift in Sources */,
				687DBFA22503C7E000A0FBBB /* FundsListViewController.swift in Sources */,
				2F95EE982503ED2E00D1B37A /* HomeViewController.swift in Sources */,
				687DBFAA2503D90D00A0FBBB /* ITIString.swift in Sources */,
			);
			runOnlyForDeploymentPostprocessing = 0;
		};
		BA3610E12503C10F00D66EED /* Sources */ = {
			isa = PBXSourcesBuildPhase;
			buildActionMask = 2147483647;
			files = (
				BA3610EA2503C10F00D66EED /* ItiInvestTests.swift in Sources */,
			);
			runOnlyForDeploymentPostprocessing = 0;
		};
		BA3610EC2503C10F00D66EED /* Sources */ = {
			isa = PBXSourcesBuildPhase;
			buildActionMask = 2147483647;
			files = (
				BA3610F52503C10F00D66EED /* ItiInvestUITests.swift in Sources */,
			);
			runOnlyForDeploymentPostprocessing = 0;
		};
/* End PBXSourcesBuildPhase section */

/* Begin PBXTargetDependency section */
		BA3610E72503C10F00D66EED /* PBXTargetDependency */ = {
			isa = PBXTargetDependency;
			target = BA3610CB2503C10E00D66EED /* ItiInvest */;
			targetProxy = BA3610E62503C10F00D66EED /* PBXContainerItemProxy */;
		};
		BA3610F22503C10F00D66EED /* PBXTargetDependency */ = {
			isa = PBXTargetDependency;
			target = BA3610CB2503C10E00D66EED /* ItiInvest */;
			targetProxy = BA3610F12503C10F00D66EED /* PBXContainerItemProxy */;
		};
/* End PBXTargetDependency section */

/* Begin PBXVariantGroup section */
		68F0020D250D1ECF00A219D3 /* Localizable.strings */ = {
			isa = PBXVariantGroup;
			children = (
				68F0020C250D1ECF00A219D3 /* en */,
				68F0020E250D1EE800A219D3 /* pt-BR */,
				68F0020F250D1EF500A219D3 /* es-419 */,
			);
			name = Localizable.strings;
			sourceTree = "<group>";
		};
		BA3610DD2503C10F00D66EED /* LaunchScreen.storyboard */ = {
			isa = PBXVariantGroup;
			children = (
				BA3610DE2503C10F00D66EED /* Base */,
			);
			name = LaunchScreen.storyboard;
			sourceTree = "<group>";
		};
/* End PBXVariantGroup section */

/* Begin XCBuildConfiguration section */
		BA3610F72503C11000D66EED /* Debug */ = {
			isa = XCBuildConfiguration;
			buildSettings = {
				ALWAYS_SEARCH_USER_PATHS = NO;
				CLANG_ANALYZER_LOCALIZABILITY_NONLOCALIZED = YES;
				CLANG_ANALYZER_NONNULL = YES;
				CLANG_ANALYZER_NUMBER_OBJECT_CONVERSION = YES_AGGRESSIVE;
				CLANG_CXX_LANGUAGE_STANDARD = "gnu++14";
				CLANG_CXX_LIBRARY = "libc++";
				CLANG_ENABLE_MODULES = YES;
				CLANG_ENABLE_OBJC_ARC = YES;
				CLANG_ENABLE_OBJC_WEAK = YES;
				CLANG_WARN_BLOCK_CAPTURE_AUTORELEASING = YES;
				CLANG_WARN_BOOL_CONVERSION = YES;
				CLANG_WARN_COMMA = YES;
				CLANG_WARN_CONSTANT_CONVERSION = YES;
				CLANG_WARN_DEPRECATED_OBJC_IMPLEMENTATIONS = YES;
				CLANG_WARN_DIRECT_OBJC_ISA_USAGE = YES_ERROR;
				CLANG_WARN_DOCUMENTATION_COMMENTS = YES;
				CLANG_WARN_EMPTY_BODY = YES;
				CLANG_WARN_ENUM_CONVERSION = YES;
				CLANG_WARN_INFINITE_RECURSION = YES;
				CLANG_WARN_INT_CONVERSION = YES;
				CLANG_WARN_NON_LITERAL_NULL_CONVERSION = YES;
				CLANG_WARN_OBJC_IMPLICIT_RETAIN_SELF = YES;
				CLANG_WARN_OBJC_LITERAL_CONVERSION = YES;
				CLANG_WARN_OBJC_ROOT_CLASS = YES_ERROR;
				CLANG_WARN_RANGE_LOOP_ANALYSIS = YES;
				CLANG_WARN_STRICT_PROTOTYPES = YES;
				CLANG_WARN_SUSPICIOUS_MOVE = YES;
				CLANG_WARN_UNGUARDED_AVAILABILITY = YES_AGGRESSIVE;
				CLANG_WARN_UNREACHABLE_CODE = YES;
				CLANG_WARN__DUPLICATE_METHOD_MATCH = YES;
				COPY_PHASE_STRIP = NO;
				DEBUG_INFORMATION_FORMAT = dwarf;
				ENABLE_STRICT_OBJC_MSGSEND = YES;
				ENABLE_TESTABILITY = YES;
				GCC_C_LANGUAGE_STANDARD = gnu11;
				GCC_DYNAMIC_NO_PIC = NO;
				GCC_NO_COMMON_BLOCKS = YES;
				GCC_OPTIMIZATION_LEVEL = 0;
				GCC_PREPROCESSOR_DEFINITIONS = (
					"DEBUG=1",
					"$(inherited)",
				);
				GCC_WARN_64_TO_32_BIT_CONVERSION = YES;
				GCC_WARN_ABOUT_RETURN_TYPE = YES_ERROR;
				GCC_WARN_UNDECLARED_SELECTOR = YES;
				GCC_WARN_UNINITIALIZED_AUTOS = YES_AGGRESSIVE;
				GCC_WARN_UNUSED_FUNCTION = YES;
				GCC_WARN_UNUSED_VARIABLE = YES;
				IPHONEOS_DEPLOYMENT_TARGET = 13.0;
				MTL_ENABLE_DEBUG_INFO = INCLUDE_SOURCE;
				MTL_FAST_MATH = YES;
				ONLY_ACTIVE_ARCH = YES;
				SDKROOT = iphoneos;
				SWIFT_ACTIVE_COMPILATION_CONDITIONS = DEBUG;
				SWIFT_OPTIMIZATION_LEVEL = "-Onone";
			};
			name = Debug;
		};
		BA3610F82503C11000D66EED /* Release */ = {
			isa = XCBuildConfiguration;
			buildSettings = {
				ALWAYS_SEARCH_USER_PATHS = NO;
				CLANG_ANALYZER_LOCALIZABILITY_NONLOCALIZED = YES;
				CLANG_ANALYZER_NONNULL = YES;
				CLANG_ANALYZER_NUMBER_OBJECT_CONVERSION = YES_AGGRESSIVE;
				CLANG_CXX_LANGUAGE_STANDARD = "gnu++14";
				CLANG_CXX_LIBRARY = "libc++";
				CLANG_ENABLE_MODULES = YES;
				CLANG_ENABLE_OBJC_ARC = YES;
				CLANG_ENABLE_OBJC_WEAK = YES;
				CLANG_WARN_BLOCK_CAPTURE_AUTORELEASING = YES;
				CLANG_WARN_BOOL_CONVERSION = YES;
				CLANG_WARN_COMMA = YES;
				CLANG_WARN_CONSTANT_CONVERSION = YES;
				CLANG_WARN_DEPRECATED_OBJC_IMPLEMENTATIONS = YES;
				CLANG_WARN_DIRECT_OBJC_ISA_USAGE = YES_ERROR;
				CLANG_WARN_DOCUMENTATION_COMMENTS = YES;
				CLANG_WARN_EMPTY_BODY = YES;
				CLANG_WARN_ENUM_CONVERSION = YES;
				CLANG_WARN_INFINITE_RECURSION = YES;
				CLANG_WARN_INT_CONVERSION = YES;
				CLANG_WARN_NON_LITERAL_NULL_CONVERSION = YES;
				CLANG_WARN_OBJC_IMPLICIT_RETAIN_SELF = YES;
				CLANG_WARN_OBJC_LITERAL_CONVERSION = YES;
				CLANG_WARN_OBJC_ROOT_CLASS = YES_ERROR;
				CLANG_WARN_RANGE_LOOP_ANALYSIS = YES;
				CLANG_WARN_STRICT_PROTOTYPES = YES;
				CLANG_WARN_SUSPICIOUS_MOVE = YES;
				CLANG_WARN_UNGUARDED_AVAILABILITY = YES_AGGRESSIVE;
				CLANG_WARN_UNREACHABLE_CODE = YES;
				CLANG_WARN__DUPLICATE_METHOD_MATCH = YES;
				COPY_PHASE_STRIP = NO;
				DEBUG_INFORMATION_FORMAT = "dwarf-with-dsym";
				ENABLE_NS_ASSERTIONS = NO;
				ENABLE_STRICT_OBJC_MSGSEND = YES;
				GCC_C_LANGUAGE_STANDARD = gnu11;
				GCC_NO_COMMON_BLOCKS = YES;
				GCC_WARN_64_TO_32_BIT_CONVERSION = YES;
				GCC_WARN_ABOUT_RETURN_TYPE = YES_ERROR;
				GCC_WARN_UNDECLARED_SELECTOR = YES;
				GCC_WARN_UNINITIALIZED_AUTOS = YES_AGGRESSIVE;
				GCC_WARN_UNUSED_FUNCTION = YES;
				GCC_WARN_UNUSED_VARIABLE = YES;
				IPHONEOS_DEPLOYMENT_TARGET = 13.0;
				MTL_ENABLE_DEBUG_INFO = NO;
				MTL_FAST_MATH = YES;
				SDKROOT = iphoneos;
				SWIFT_COMPILATION_MODE = wholemodule;
				SWIFT_OPTIMIZATION_LEVEL = "-O";
				VALIDATE_PRODUCT = YES;
			};
			name = Release;
		};
		BA3610FA2503C11000D66EED /* Debug */ = {
			isa = XCBuildConfiguration;
			buildSettings = {
				ASSETCATALOG_COMPILER_APPICON_NAME = AppIcon;
				CODE_SIGN_IDENTITY = "Apple Development";
				CODE_SIGN_STYLE = Automatic;
				DEVELOPMENT_TEAM = 22SPKR75FE;
				INFOPLIST_FILE = ItiInvest/Info.plist;
				IPHONEOS_DEPLOYMENT_TARGET = 13.5;
				LD_RUNPATH_SEARCH_PATHS = (
					"$(inherited)",
					"@executable_path/Frameworks",
				);
				PRODUCT_BUNDLE_IDENTIFIER = com.devboostitau.ItiInvest;
				PRODUCT_NAME = "$(TARGET_NAME)";
				PROVISIONING_PROFILE_SPECIFIER = "";
				SWIFT_VERSION = 5.0;
				TARGETED_DEVICE_FAMILY = 1;
			};
			name = Debug;
		};
		BA3610FB2503C11000D66EED /* Release */ = {
			isa = XCBuildConfiguration;
			buildSettings = {
				ASSETCATALOG_COMPILER_APPICON_NAME = AppIcon;
				CODE_SIGN_IDENTITY = "Apple Development";
				CODE_SIGN_STYLE = Automatic;
				DEVELOPMENT_TEAM = 22SPKR75FE;
				INFOPLIST_FILE = ItiInvest/Info.plist;
				IPHONEOS_DEPLOYMENT_TARGET = 13.5;
				LD_RUNPATH_SEARCH_PATHS = (
					"$(inherited)",
					"@executable_path/Frameworks",
				);
				PRODUCT_BUNDLE_IDENTIFIER = com.devboostitau.ItiInvest;
				PRODUCT_NAME = "$(TARGET_NAME)";
				PROVISIONING_PROFILE_SPECIFIER = "";
				SWIFT_VERSION = 5.0;
				TARGETED_DEVICE_FAMILY = 1;
			};
			name = Release;
		};
		BA3610FD2503C11000D66EED /* Debug */ = {
			isa = XCBuildConfiguration;
			buildSettings = {
				ALWAYS_EMBED_SWIFT_STANDARD_LIBRARIES = YES;
				BUNDLE_LOADER = "$(TEST_HOST)";
				CODE_SIGN_STYLE = Automatic;
				INFOPLIST_FILE = ItiInvestTests/Info.plist;
				IPHONEOS_DEPLOYMENT_TARGET = 13.5;
				LD_RUNPATH_SEARCH_PATHS = (
					"$(inherited)",
					"@executable_path/Frameworks",
					"@loader_path/Frameworks",
				);
				PRODUCT_BUNDLE_IDENTIFIER = com.devboostitau.ItiInvestTests;
				PRODUCT_NAME = "$(TARGET_NAME)";
				SWIFT_VERSION = 5.0;
				TARGETED_DEVICE_FAMILY = "1,2";
				TEST_HOST = "$(BUILT_PRODUCTS_DIR)/ItiInvest.app/ItiInvest";
			};
			name = Debug;
		};
		BA3610FE2503C11000D66EED /* Release */ = {
			isa = XCBuildConfiguration;
			buildSettings = {
				ALWAYS_EMBED_SWIFT_STANDARD_LIBRARIES = YES;
				BUNDLE_LOADER = "$(TEST_HOST)";
				CODE_SIGN_STYLE = Automatic;
				INFOPLIST_FILE = ItiInvestTests/Info.plist;
				IPHONEOS_DEPLOYMENT_TARGET = 13.5;
				LD_RUNPATH_SEARCH_PATHS = (
					"$(inherited)",
					"@executable_path/Frameworks",
					"@loader_path/Frameworks",
				);
				PRODUCT_BUNDLE_IDENTIFIER = com.devboostitau.ItiInvestTests;
				PRODUCT_NAME = "$(TARGET_NAME)";
				SWIFT_VERSION = 5.0;
				TARGETED_DEVICE_FAMILY = "1,2";
				TEST_HOST = "$(BUILT_PRODUCTS_DIR)/ItiInvest.app/ItiInvest";
			};
			name = Release;
		};
		BA3611002503C11000D66EED /* Debug */ = {
			isa = XCBuildConfiguration;
			buildSettings = {
				ALWAYS_EMBED_SWIFT_STANDARD_LIBRARIES = YES;
				CODE_SIGN_STYLE = Automatic;
				INFOPLIST_FILE = ItiInvestUITests/Info.plist;
				LD_RUNPATH_SEARCH_PATHS = (
					"$(inherited)",
					"@executable_path/Frameworks",
					"@loader_path/Frameworks",
				);
				PRODUCT_BUNDLE_IDENTIFIER = com.devboostitau.ItiInvestUITests;
				PRODUCT_NAME = "$(TARGET_NAME)";
				SWIFT_VERSION = 5.0;
				TARGETED_DEVICE_FAMILY = "1,2";
				TEST_TARGET_NAME = ItiInvest;
			};
			name = Debug;
		};
		BA3611012503C11000D66EED /* Release */ = {
			isa = XCBuildConfiguration;
			buildSettings = {
				ALWAYS_EMBED_SWIFT_STANDARD_LIBRARIES = YES;
				CODE_SIGN_STYLE = Automatic;
				INFOPLIST_FILE = ItiInvestUITests/Info.plist;
				LD_RUNPATH_SEARCH_PATHS = (
					"$(inherited)",
					"@executable_path/Frameworks",
					"@loader_path/Frameworks",
				);
				PRODUCT_BUNDLE_IDENTIFIER = com.devboostitau.ItiInvestUITests;
				PRODUCT_NAME = "$(TARGET_NAME)";
				SWIFT_VERSION = 5.0;
				TARGETED_DEVICE_FAMILY = "1,2";
				TEST_TARGET_NAME = ItiInvest;
			};
			name = Release;
		};
/* End XCBuildConfiguration section */

/* Begin XCConfigurationList section */
		BA3610C72503C10E00D66EED /* Build configuration list for PBXProject "ItiInvest" */ = {
			isa = XCConfigurationList;
			buildConfigurations = (
				BA3610F72503C11000D66EED /* Debug */,
				BA3610F82503C11000D66EED /* Release */,
			);
			defaultConfigurationIsVisible = 0;
			defaultConfigurationName = Release;
		};
		BA3610F92503C11000D66EED /* Build configuration list for PBXNativeTarget "ItiInvest" */ = {
			isa = XCConfigurationList;
			buildConfigurations = (
				BA3610FA2503C11000D66EED /* Debug */,
				BA3610FB2503C11000D66EED /* Release */,
			);
			defaultConfigurationIsVisible = 0;
			defaultConfigurationName = Release;
		};
		BA3610FC2503C11000D66EED /* Build configuration list for PBXNativeTarget "ItiInvestTests" */ = {
			isa = XCConfigurationList;
			buildConfigurations = (
				BA3610FD2503C11000D66EED /* Debug */,
				BA3610FE2503C11000D66EED /* Release */,
			);
			defaultConfigurationIsVisible = 0;
			defaultConfigurationName = Release;
		};
		BA3610FF2503C11000D66EED /* Build configuration list for PBXNativeTarget "ItiInvestUITests" */ = {
			isa = XCConfigurationList;
			buildConfigurations = (
				BA3611002503C11000D66EED /* Debug */,
				BA3611012503C11000D66EED /* Release */,
			);
			defaultConfigurationIsVisible = 0;
			defaultConfigurationName = Release;
		};
/* End XCConfigurationList section */

/* Begin XCVersionGroup section */
		BA3610D82503C10E00D66EED /* ItiInvest.xcdatamodeld */ = {
			isa = XCVersionGroup;
			children = (
				BA3610D92503C10E00D66EED /* ItiInvest.xcdatamodel */,
			);
			currentVersion = BA3610D92503C10E00D66EED /* ItiInvest.xcdatamodel */;
			path = ItiInvest.xcdatamodeld;
			sourceTree = "<group>";
			versionGroupType = wrapper.xcdatamodel;
		};
/* End XCVersionGroup section */
	};
	rootObject = BA3610C42503C10E00D66EED /* Project object */;
}
